// !$*UTF8*$!
{
	archiveVersion = 1;
	classes = {
	};
	objectVersion = 46;
	objects = {

/* Begin PBXBuildFile section */
		33AB7B101A27A6C400FAADAD /* main.cpp in Sources */ = {isa = PBXBuildFile; fileRef = 33AB7B0F1A27A6C400FAADAD /* main.cpp */; };
		33AB7B171A27A74200FAADAD /* GLUT.framework in Frameworks */ = {isa = PBXBuildFile; fileRef = 33AB7B161A27A74200FAADAD /* GLUT.framework */; };
		33AB7B1A1A27A97F00FAADAD /* glfuncs.cpp in Sources */ = {isa = PBXBuildFile; fileRef = 33AB7B181A27A97F00FAADAD /* glfuncs.cpp */; };
		33ADE9521A285C79005AAE60 /* windowProperties.cpp in Sources */ = {isa = PBXBuildFile; fileRef = 33ADE9501A285C79005AAE60 /* windowProperties.cpp */; };
		33ADE9541A28651C005AAE60 /* OpenGL.framework in Frameworks */ = {isa = PBXBuildFile; fileRef = 33ADE9531A28651B005AAE60 /* OpenGL.framework */; };
		33ADE9571A2885C2005AAE60 /* camera.cpp in Sources */ = {isa = PBXBuildFile; fileRef = 33ADE9551A2885C2005AAE60 /* camera.cpp */; };
/* End PBXBuildFile section */

/* Begin PBXCopyFilesBuildPhase section */
		33AB7B0A1A27A6C400FAADAD /* CopyFiles */ = {
			isa = PBXCopyFilesBuildPhase;
			buildActionMask = 2147483647;
			dstPath = /usr/share/man/man1/;
			dstSubfolderSpec = 0;
			files = (
			);
			runOnlyForDeploymentPostprocessing = 1;
		};
/* End PBXCopyFilesBuildPhase section */

/* Begin PBXFileReference section */
		336E6D291A40B8D00094B955 /* Wood.bmp */ = {isa = PBXFileReference; lastKnownFileType = image.bmp; name = Wood.bmp; path = ../../../../../Downloads/Wood.bmp; sourceTree = "<group>"; };
		33AB7B0C1A27A6C400FAADAD /* CG2 */ = {isa = PBXFileReference; explicitFileType = "compiled.mach-o.executable"; includeInIndex = 0; path = CG2; sourceTree = BUILT_PRODUCTS_DIR; };
		33AB7B0F1A27A6C400FAADAD /* main.cpp */ = {isa = PBXFileReference; lastKnownFileType = sourcecode.cpp.cpp; path = main.cpp; sourceTree = "<group>"; };
		33AB7B161A27A74200FAADAD /* GLUT.framework */ = {isa = PBXFileReference; lastKnownFileType = wrapper.framework; name = GLUT.framework; path = System/Library/Frameworks/GLUT.framework; sourceTree = SDKROOT; };
		33AB7B181A27A97F00FAADAD /* glfuncs.cpp */ = {isa = PBXFileReference; fileEncoding = 4; lastKnownFileType = sourcecode.cpp.cpp; path = glfuncs.cpp; sourceTree = "<group>"; };
		33AB7B191A27A97F00FAADAD /* glfuncs.h */ = {isa = PBXFileReference; fileEncoding = 4; lastKnownFileType = sourcecode.c.h; path = glfuncs.h; sourceTree = "<group>"; };
		33ADE9501A285C79005AAE60 /* windowProperties.cpp */ = {isa = PBXFileReference; fileEncoding = 4; lastKnownFileType = sourcecode.cpp.cpp; path = windowProperties.cpp; sourceTree = "<group>"; };
		33ADE9511A285C79005AAE60 /* windowProperties.h */ = {isa = PBXFileReference; fileEncoding = 4; lastKnownFileType = sourcecode.c.h; path = windowProperties.h; sourceTree = "<group>"; };
		33ADE9531A28651B005AAE60 /* OpenGL.framework */ = {isa = PBXFileReference; lastKnownFileType = wrapper.framework; name = OpenGL.framework; path = System/Library/Frameworks/OpenGL.framework; sourceTree = SDKROOT; };
		33ADE9551A2885C2005AAE60 /* camera.cpp */ = {isa = PBXFileReference; fileEncoding = 4; lastKnownFileType = sourcecode.cpp.cpp; path = camera.cpp; sourceTree = "<group>"; };
		33ADE9561A2885C2005AAE60 /* camera.h */ = {isa = PBXFileReference; fileEncoding = 4; lastKnownFileType = sourcecode.c.h; path = camera.h; sourceTree = "<group>"; };
/* End PBXFileReference section */

/* Begin PBXFrameworksBuildPhase section */
		33AB7B091A27A6C400FAADAD /* Frameworks */ = {
			isa = PBXFrameworksBuildPhase;
			buildActionMask = 2147483647;
			files = (
				33ADE9541A28651C005AAE60 /* OpenGL.framework in Frameworks */,
				33AB7B171A27A74200FAADAD /* GLUT.framework in Frameworks */,
			);
			runOnlyForDeploymentPostprocessing = 0;
		};
/* End PBXFrameworksBuildPhase section */

/* Begin PBXGroup section */
		33AB7B031A27A6C400FAADAD = {
			isa = PBXGroup;
			children = (
				33ADE9531A28651B005AAE60 /* OpenGL.framework */,
				33AB7B161A27A74200FAADAD /* GLUT.framework */,
				33AB7B0E1A27A6C400FAADAD /* CG2 */,
				33AB7B0D1A27A6C400FAADAD /* Products */,
			);
			sourceTree = "<group>";
		};
		33AB7B0D1A27A6C400FAADAD /* Products */ = {
			isa = PBXGroup;
			children = (
				33AB7B0C1A27A6C400FAADAD /* CG2 */,
			);
			name = Products;
			sourceTree = "<group>";
		};
		33AB7B0E1A27A6C400FAADAD /* CG2 */ = {
			isa = PBXGroup;
			children = (
				33AB7B0F1A27A6C400FAADAD /* main.cpp */,
				33AB7B181A27A97F00FAADAD /* glfuncs.cpp */,
				33AB7B191A27A97F00FAADAD /* glfuncs.h */,
				33ADE9501A285C79005AAE60 /* windowProperties.cpp */,
				33ADE9511A285C79005AAE60 /* windowProperties.h */,
				33ADE9551A2885C2005AAE60 /* camera.cpp */,
				33ADE9561A2885C2005AAE60 /* camera.h */,
				336E6D291A40B8D00094B955 /* Wood.bmp */,
			);
			path = CG2;
			sourceTree = "<group>";
		};
/* End PBXGroup section */

/* Begin PBXNativeTarget section */
		33AB7B0B1A27A6C400FAADAD /* CG2 */ = {
			isa = PBXNativeTarget;
			buildConfigurationList = 33AB7B131A27A6C400FAADAD /* Build configuration list for PBXNativeTarget "CG2" */;
			buildPhases = (
				33AB7B081A27A6C400FAADAD /* Sources */,
				33AB7B091A27A6C400FAADAD /* Frameworks */,
				33AB7B0A1A27A6C400FAADAD /* CopyFiles */,
			);
			buildRules = (
			);
			dependencies = (
			);
			name = CG2;
			productName = CG2;
			productReference = 33AB7B0C1A27A6C400FAADAD /* CG2 */;
			productType = "com.apple.product-type.tool";
		};
/* End PBXNativeTarget section */

/* Begin PBXProject section */
		33AB7B041A27A6C400FAADAD /* Project object */ = {
			isa = PBXProject;
			attributes = {
				LastUpgradeCheck = 0610;
				ORGANIZATIONNAME = "Andrey Bogdanov";
				TargetAttributes = {
					33AB7B0B1A27A6C400FAADAD = {
						CreatedOnToolsVersion = 6.1;
					};
				};
			};
			buildConfigurationList = 33AB7B071A27A6C400FAADAD /* Build configuration list for PBXProject "CG2" */;
			compatibilityVersion = "Xcode 3.2";
			developmentRegion = English;
			hasScannedForEncodings = 0;
			knownRegions = (
				en,
			);
			mainGroup = 33AB7B031A27A6C400FAADAD;
			productRefGroup = 33AB7B0D1A27A6C400FAADAD /* Products */;
			projectDirPath = "";
			projectRoot = "";
			targets = (
				33AB7B0B1A27A6C400FAADAD /* CG2 */,
			);
		};
/* End PBXProject section */

/* Begin PBXSourcesBuildPhase section */
		33AB7B081A27A6C400FAADAD /* Sources */ = {
			isa = PBXSourcesBuildPhase;
			buildActionMask = 2147483647;
			files = (
				33ADE9571A2885C2005AAE60 /* camera.cpp in Sources */,
				33ADE9521A285C79005AAE60 /* windowProperties.cpp in Sources */,
				33AB7B1A1A27A97F00FAADAD /* glfuncs.cpp in Sources */,
				33AB7B101A27A6C400FAADAD /* main.cpp in Sources */,
			);
			runOnlyForDeploymentPostprocessing = 0;
		};
/* End PBXSourcesBuildPhase section */

/* Begin XCBuildConfiguration section */
		33AB7B111A27A6C400FAADAD /* Debug */ = {
			isa = XCBuildConfiguration;
			buildSettings = {
				ALWAYS_SEARCH_USER_PATHS = NO;
				CLANG_CXX_LANGUAGE_STANDARD = "gnu++0x";
				CLANG_CXX_LIBRARY = "libc++";
				CLANG_ENABLE_MODULES = YES;
				CLANG_ENABLE_OBJC_ARC = YES;
				CLANG_WARN_BOOL_CONVERSION = YES;
				CLANG_WARN_CONSTANT_CONVERSION = YES;
				CLANG_WARN_DIRECT_OBJC_ISA_USAGE = YES_ERROR;
				CLANG_WARN_EMPTY_BODY = YES;
				CLANG_WARN_ENUM_CONVERSION = YES;
				CLANG_WARN_INT_CONVERSION = YES;
				CLANG_WARN_OBJC_ROOT_CLASS = YES_ERROR;
				CLANG_WARN_UNREACHABLE_CODE = YES;
				CLANG_WARN__DUPLICATE_METHOD_MATCH = YES;
				COPY_PHASE_STRIP = NO;
				ENABLE_STRICT_OBJC_MSGSEND = YES;
				GCC_C_LANGUAGE_STANDARD = gnu99;
				GCC_DYNAMIC_NO_PIC = NO;
				GCC_OPTIMIZATION_LEVEL = 0;
				GCC_PREPROCESSOR_DEFINITIONS = (
					"DEBUG=1",
					"$(inherited)",
				);
				GCC_SYMBOLS_PRIVATE_EXTERN = NO;
				GCC_WARN_64_TO_32_BIT_CONVERSION = YES;
				GCC_WARN_ABOUT_RETURN_TYPE = YES_ERROR;
				GCC_WARN_UNDECLARED_SELECTOR = YES;
				GCC_WARN_UNINITIALIZED_AUTOS = YES_AGGRESSIVE;
				GCC_WARN_UNUSED_FUNCTION = YES;
				GCC_WARN_UNUSED_VARIABLE = YES;
				MACOSX_DEPLOYMENT_TARGET = 10.10;
				MTL_ENABLE_DEBUG_INFO = YES;
				ONLY_ACTIVE_ARCH = YES;
				SDKROOT = macosx;
			};
			name = Debug;
		};
		33AB7B121A27A6C400FAADAD /* Release */ = {
			isa = XCBuildConfiguration;
			buildSettings = {
				ALWAYS_SEARCH_USER_PATHS = NO;
				CLANG_CXX_LANGUAGE_STANDARD = "gnu++0x";
				CLANG_CXX_LIBRARY = "libc++";
				CLANG_ENABLE_MODULES = YES;
				CLANG_ENABLE_OBJC_ARC = YES;
				CLANG_WARN_BOOL_CONVERSION = YES;
				CLANG_WARN_CONSTANT_CONVERSION = YES;
				CLANG_WARN_DIRECT_OBJC_ISA_USAGE = YES_ERROR;
				CLANG_WARN_EMPTY_BODY = YES;
				CLANG_WARN_ENUM_CONVERSION = YES;
				CLANG_WARN_INT_CONVERSION = YES;
				CLANG_WARN_OBJC_ROOT_CLASS = YES_ERROR;
				CLANG_WARN_UNREACHABLE_CODE = YES;
				CLANG_WARN__DUPLICATE_METHOD_MATCH = YES;
				COPY_PHASE_STRIP = YES;
				DEBUG_INFORMATION_FORMAT = "dwarf-with-dsym";
				ENABLE_NS_ASSERTIONS = NO;
				ENABLE_STRICT_OBJC_MSGSEND = YES;
				GCC_C_LANGUAGE_STANDARD = gnu99;
				GCC_WARN_64_TO_32_BIT_CONVERSION = YES;
				GCC_WARN_ABOUT_RETURN_TYPE = YES_ERROR;
				GCC_WARN_UNDECLARED_SELECTOR = YES;
				GCC_WARN_UNINITIALIZED_AUTOS = YES_AGGRESSIVE;
				GCC_WARN_UNUSED_FUNCTION = YES;
				GCC_WARN_UNUSED_VARIABLE = YES;
				MACOSX_DEPLOYMENT_TARGET = 10.10;
				MTL_ENABLE_DEBUG_INFO = NO;
				SDKROOT = macosx;
			};
			name = Release;
		};
		33AB7B141A27A6C400FAADAD /* Debug */ = {
			isa = XCBuildConfiguration;
			buildSettings = {
				MACOSX_DEPLOYMENT_TARGET = 10.7;
				PRODUCT_NAME = "$(TARGET_NAME)";
			};
			name = Debug;
		};
		33AB7B151A27A6C400FAADAD /* Release */ = {
			isa = XCBuildConfiguration;
			buildSettings = {
				MACOSX_DEPLOYMENT_TARGET = 10.7;
				PRODUCT_NAME = "$(TARGET_NAME)";
			};
			name = Release;
		};
/* End XCBuildConfiguration section */

/* Begin XCConfigurationList section */
		33AB7B071A27A6C400FAADAD /* Build configuration list for PBXProject "CG2" */ = {
			isa = XCConfigurationList;
			buildConfigurations = (
				33AB7B111A27A6C400FAADAD /* Debug */,
				33AB7B121A27A6C400FAADAD /* Release */,
			);
			defaultConfigurationIsVisible = 0;
			defaultConfigurationName = Release;
		};
		33AB7B131A27A6C400FAADAD /* Build configuration list for PBXNativeTarget "CG2" */ = {
			isa = XCConfigurationList;
			buildConfigurations = (
				33AB7B141A27A6C400FAADAD /* Debug */,
				33AB7B151A27A6C400FAADAD /* Release */,
			);
			defaultConfigurationIsVisible = 0;
			defaultConfigurationName = Release;
		};
/* End XCConfigurationList section */
	};
	rootObject = 33AB7B041A27A6C400FAADAD /* Project object */;
}
